// !$*UTF8*$!
{
	archiveVersion = 1;
	classes = {
	};
	objectVersion = 46;
	objects = {

/* Begin PBXBuildFile section */
		1EC610611A562FE800AC3BBA /* main.m in Sources */ = {isa = PBXBuildFile; fileRef = 1EC610601A562FE800AC3BBA /* main.m */; };
		1EC610641A562FE800AC3BBA /* AppDelegate.m in Sources */ = {isa = PBXBuildFile; fileRef = 1EC610631A562FE800AC3BBA /* AppDelegate.m */; };
		1EC610671A562FE800AC3BBA /* ViewController.m in Sources */ = {isa = PBXBuildFile; fileRef = 1EC610661A562FE800AC3BBA /* ViewController.m */; };
		1EC6106A1A562FE800AC3BBA /* Main.storyboard in Resources */ = {isa = PBXBuildFile; fileRef = 1EC610681A562FE800AC3BBA /* Main.storyboard */; };
		1EC6106C1A562FE800AC3BBA /* Images.xcassets in Resources */ = {isa = PBXBuildFile; fileRef = 1EC6106B1A562FE800AC3BBA /* Images.xcassets */; };
		1EC6106F1A562FE800AC3BBA /* LaunchScreen.xib in Resources */ = {isa = PBXBuildFile; fileRef = 1EC6106D1A562FE800AC3BBA /* LaunchScreen.xib */; };
		1EC6107B1A562FE800AC3BBA /* STTableViewJapaneseIndexSampleTests.m in Sources */ = {isa = PBXBuildFile; fileRef = 1EC6107A1A562FE800AC3BBA /* STTableViewJapaneseIndexSampleTests.m */; };
		1EC6108C1A5652DD00AC3BBA /* STTableViewIndex.m in Sources */ = {isa = PBXBuildFile; fileRef = 1EC6108B1A5652DD00AC3BBA /* STTableViewIndex.m */; };
		1EC610931A56540B00AC3BBA /* STGrape.m in Sources */ = {isa = PBXBuildFile; fileRef = 1EC610921A56540B00AC3BBA /* STGrape.m */; };
/* End PBXBuildFile section */

/* Begin PBXContainerItemProxy section */
		1EC610751A562FE800AC3BBA /* PBXContainerItemProxy */ = {
			isa = PBXContainerItemProxy;
			containerPortal = 1EC610531A562FE700AC3BBA /* Project object */;
			proxyType = 1;
			remoteGlobalIDString = 1EC6105A1A562FE700AC3BBA;
			remoteInfo = STTableViewJapaneseIndexSample;
		};
/* End PBXContainerItemProxy section */

/* Begin PBXFileReference section */
		1EC6105B1A562FE700AC3BBA /* STTableViewJapaneseIndexSample.app */ = {isa = PBXFileReference; explicitFileType = wrapper.application; includeInIndex = 0; path = STTableViewJapaneseIndexSample.app; sourceTree = BUILT_PRODUCTS_DIR; };
		1EC6105F1A562FE800AC3BBA /* Info.plist */ = {isa = PBXFileReference; lastKnownFileType = text.plist.xml; path = Info.plist; sourceTree = "<group>"; };
		1EC610601A562FE800AC3BBA /* main.m */ = {isa = PBXFileReference; lastKnownFileType = sourcecode.c.objc; path = main.m; sourceTree = "<group>"; };
		1EC610621A562FE800AC3BBA /* AppDelegate.h */ = {isa = PBXFileReference; lastKnownFileType = sourcecode.c.h; path = AppDelegate.h; sourceTree = "<group>"; };
		1EC610631A562FE800AC3BBA /* AppDelegate.m */ = {isa = PBXFileReference; lastKnownFileType = sourcecode.c.objc; path = AppDelegate.m; sourceTree = "<group>"; };
		1EC610651A562FE800AC3BBA /* ViewController.h */ = {isa = PBXFileReference; lastKnownFileType = sourcecode.c.h; path = ViewController.h; sourceTree = "<group>"; };
		1EC610661A562FE800AC3BBA /* ViewController.m */ = {isa = PBXFileReference; lastKnownFileType = sourcecode.c.objc; path = ViewController.m; sourceTree = "<group>"; };
		1EC610691A562FE800AC3BBA /* Base */ = {isa = PBXFileReference; lastKnownFileType = file.storyboard; name = Base; path = Base.lproj/Main.storyboard; sourceTree = "<group>"; };
		1EC6106B1A562FE800AC3BBA /* Images.xcassets */ = {isa = PBXFileReference; lastKnownFileType = folder.assetcatalog; path = Images.xcassets; sourceTree = "<group>"; };
		1EC6106E1A562FE800AC3BBA /* Base */ = {isa = PBXFileReference; lastKnownFileType = file.xib; name = Base; path = Base.lproj/LaunchScreen.xib; sourceTree = "<group>"; };
		1EC610741A562FE800AC3BBA /* STTableViewJapaneseIndexSampleTests.xctest */ = {isa = PBXFileReference; explicitFileType = wrapper.cfbundle; includeInIndex = 0; path = STTableViewJapaneseIndexSampleTests.xctest; sourceTree = BUILT_PRODUCTS_DIR; };
		1EC610791A562FE800AC3BBA /* Info.plist */ = {isa = PBXFileReference; lastKnownFileType = text.plist.xml; path = Info.plist; sourceTree = "<group>"; };
		1EC6107A1A562FE800AC3BBA /* STTableViewJapaneseIndexSampleTests.m */ = {isa = PBXFileReference; lastKnownFileType = sourcecode.c.objc; path = STTableViewJapaneseIndexSampleTests.m; sourceTree = "<group>"; };
		1EC6108A1A5652DD00AC3BBA /* STTableViewIndex.h */ = {isa = PBXFileReference; fileEncoding = 4; lastKnownFileType = sourcecode.c.h; name = STTableViewIndex.h; path = ../../STTableViewIndex.h; sourceTree = "<group>"; };
		1EC6108B1A5652DD00AC3BBA /* STTableViewIndex.m */ = {isa = PBXFileReference; fileEncoding = 4; lastKnownFileType = sourcecode.c.objc; name = STTableViewIndex.m; path = ../../STTableViewIndex.m; sourceTree = "<group>"; };
		1EC610911A56540B00AC3BBA /* STGrape.h */ = {isa = PBXFileReference; fileEncoding = 4; lastKnownFileType = sourcecode.c.h; path = STGrape.h; sourceTree = "<group>"; };
		1EC610921A56540B00AC3BBA /* STGrape.m */ = {isa = PBXFileReference; fileEncoding = 4; lastKnownFileType = sourcecode.c.objc; path = STGrape.m; sourceTree = "<group>"; };
/* End PBXFileReference section */

/* Begin PBXFrameworksBuildPhase section */
		1EC610581A562FE700AC3BBA /* Frameworks */ = {
			isa = PBXFrameworksBuildPhase;
			buildActionMask = 2147483647;
			files = (
			);
			runOnlyForDeploymentPostprocessing = 0;
		};
		1EC610711A562FE800AC3BBA /* Frameworks */ = {
			isa = PBXFrameworksBuildPhase;
			buildActionMask = 2147483647;
			files = (
			);
			runOnlyForDeploymentPostprocessing = 0;
		};
/* End PBXFrameworksBuildPhase section */

/* Begin PBXGroup section */
		1EC610521A562FE700AC3BBA = {
			isa = PBXGroup;
			children = (
				1EC610901A5653D400AC3BBA /* STTableViewIndex */,
				1EC6105D1A562FE700AC3BBA /* STTableViewJapaneseIndexSample */,
				1EC610771A562FE800AC3BBA /* STTableViewJapaneseIndexSampleTests */,
				1EC6105C1A562FE700AC3BBA /* Products */,
			);
			sourceTree = "<group>";
		};
		1EC6105C1A562FE700AC3BBA /* Products */ = {
			isa = PBXGroup;
			children = (
				1EC6105B1A562FE700AC3BBA /* STTableViewJapaneseIndexSample.app */,
				1EC610741A562FE800AC3BBA /* STTableViewJapaneseIndexSampleTests.xctest */,
			);
			name = Products;
			sourceTree = "<group>";
		};
		1EC6105D1A562FE700AC3BBA /* STTableViewJapaneseIndexSample */ = {
			isa = PBXGroup;
			children = (
				1EC610621A562FE800AC3BBA /* AppDelegate.h */,
				1EC610631A562FE800AC3BBA /* AppDelegate.m */,
				1EC610651A562FE800AC3BBA /* ViewController.h */,
				1EC610661A562FE800AC3BBA /* ViewController.m */,
				1EC610911A56540B00AC3BBA /* STGrape.h */,
				1EC610921A56540B00AC3BBA /* STGrape.m */,
				1EC610681A562FE800AC3BBA /* Main.storyboard */,
				1EC6106B1A562FE800AC3BBA /* Images.xcassets */,
				1EC6106D1A562FE800AC3BBA /* LaunchScreen.xib */,
				1EC6105E1A562FE700AC3BBA /* Supporting Files */,
			);
			path = STTableViewJapaneseIndexSample;
			sourceTree = "<group>";
		};
		1EC6105E1A562FE700AC3BBA /* Supporting Files */ = {
			isa = PBXGroup;
			children = (
				1EC6105F1A562FE800AC3BBA /* Info.plist */,
				1EC610601A562FE800AC3BBA /* main.m */,
			);
			name = "Supporting Files";
			sourceTree = "<group>";
		};
		1EC610771A562FE800AC3BBA /* STTableViewJapaneseIndexSampleTests */ = {
			isa = PBXGroup;
			children = (
				1EC6107A1A562FE800AC3BBA /* STTableViewJapaneseIndexSampleTests.m */,
				1EC610781A562FE800AC3BBA /* Supporting Files */,
			);
			path = STTableViewJapaneseIndexSampleTests;
			sourceTree = "<group>";
		};
		1EC610781A562FE800AC3BBA /* Supporting Files */ = {
			isa = PBXGroup;
			children = (
				1EC610791A562FE800AC3BBA /* Info.plist */,
			);
			name = "Supporting Files";
			sourceTree = "<group>";
		};
		1EC610901A5653D400AC3BBA /* STTableViewIndex */ = {
			isa = PBXGroup;
			children = (
				1EC6108A1A5652DD00AC3BBA /* STTableViewIndex.h */,
				1EC6108B1A5652DD00AC3BBA /* STTableViewIndex.m */,
			);
			name = STTableViewIndex;
			path = STTableViewJapaneseIndexSample;
			sourceTree = "<group>";
		};
/* End PBXGroup section */

/* Begin PBXNativeTarget section */
		1EC6105A1A562FE700AC3BBA /* STTableViewJapaneseIndexSample */ = {
			isa = PBXNativeTarget;
			buildConfigurationList = 1EC6107E1A562FE800AC3BBA /* Build configuration list for PBXNativeTarget "STTableViewJapaneseIndexSample" */;
			buildPhases = (
				1E1196761A57A59E00CDFE49 /* ShellScript */,
				1EC610571A562FE700AC3BBA /* Sources */,
				1EC610581A562FE700AC3BBA /* Frameworks */,
				1EC610591A562FE700AC3BBA /* Resources */,
			);
			buildRules = (
			);
			dependencies = (
			);
			name = STTableViewJapaneseIndexSample;
			productName = STTableViewJapaneseIndexSample;
			productReference = 1EC6105B1A562FE700AC3BBA /* STTableViewJapaneseIndexSample.app */;
			productType = "com.apple.product-type.application";
		};
		1EC610731A562FE800AC3BBA /* STTableViewJapaneseIndexSampleTests */ = {
			isa = PBXNativeTarget;
			buildConfigurationList = 1EC610811A562FE800AC3BBA /* Build configuration list for PBXNativeTarget "STTableViewJapaneseIndexSampleTests" */;
			buildPhases = (
				1EC610701A562FE800AC3BBA /* Sources */,
				1EC610711A562FE800AC3BBA /* Frameworks */,
				1EC610721A562FE800AC3BBA /* Resources */,
			);
			buildRules = (
			);
			dependencies = (
				1EC610761A562FE800AC3BBA /* PBXTargetDependency */,
			);
			name = STTableViewJapaneseIndexSampleTests;
			productName = STTableViewJapaneseIndexSampleTests;
			productReference = 1EC610741A562FE800AC3BBA /* STTableViewJapaneseIndexSampleTests.xctest */;
			productType = "com.apple.product-type.bundle.unit-test";
		};
/* End PBXNativeTarget section */

/* Begin PBXProject section */
		1EC610531A562FE700AC3BBA /* Project object */ = {
			isa = PBXProject;
			attributes = {
				LastUpgradeCheck = 0610;
				ORGANIZATIONNAME = stack3;
				TargetAttributes = {
					1EC6105A1A562FE700AC3BBA = {
						CreatedOnToolsVersion = 6.1.1;
					};
					1EC610731A562FE800AC3BBA = {
						CreatedOnToolsVersion = 6.1.1;
						TestTargetID = 1EC6105A1A562FE700AC3BBA;
					};
				};
			};
			buildConfigurationList = 1EC610561A562FE700AC3BBA /* Build configuration list for PBXProject "STTableViewJapaneseIndexSample" */;
			compatibilityVersion = "Xcode 3.2";
			developmentRegion = English;
			hasScannedForEncodings = 0;
			knownRegions = (
				en,
				Base,
			);
			mainGroup = 1EC610521A562FE700AC3BBA;
			productRefGroup = 1EC6105C1A562FE700AC3BBA /* Products */;
			projectDirPath = "";
			projectRoot = "";
			targets = (
				1EC6105A1A562FE700AC3BBA /* STTableViewJapaneseIndexSample */,
				1EC610731A562FE800AC3BBA /* STTableViewJapaneseIndexSampleTests */,
			);
		};
/* End PBXProject section */

/* Begin PBXResourcesBuildPhase section */
		1EC610591A562FE700AC3BBA /* Resources */ = {
			isa = PBXResourcesBuildPhase;
			buildActionMask = 2147483647;
			files = (
				1EC6106A1A562FE800AC3BBA /* Main.storyboard in Resources */,
				1EC6106F1A562FE800AC3BBA /* LaunchScreen.xib in Resources */,
				1EC6106C1A562FE800AC3BBA /* Images.xcassets in Resources */,
			);
			runOnlyForDeploymentPostprocessing = 0;
		};
		1EC610721A562FE800AC3BBA /* Resources */ = {
			isa = PBXResourcesBuildPhase;
			buildActionMask = 2147483647;
			files = (
			);
			runOnlyForDeploymentPostprocessing = 0;
		};
/* End PBXResourcesBuildPhase section */

/* Begin PBXShellScriptBuildPhase section */
		1E1196761A57A59E00CDFE49 /* ShellScript */ = {
			isa = PBXShellScriptBuildPhase;
			buildActionMask = 2147483647;
			files = (
			);
			inputPaths = (
			);
			outputPaths = (
			);
			runOnlyForDeploymentPostprocessing = 0;
			shellPath = /bin/sh;
			shellScript = "#!/bin/sh\n\nif [ -e ~/scripts/change-author.rb ]; then\n/bin/ruby ~/scripts/change-author.rb \"${SOURCE_ROOT}\"\nfi";
		};
/* End PBXShellScriptBuildPhase section */

/* Begin PBXSourcesBuildPhase section */
		1EC610571A562FE700AC3BBA /* Sources */ = {
			isa = PBXSourcesBuildPhase;
			buildActionMask = 2147483647;
			files = (
				1EC610671A562FE800AC3BBA /* ViewController.m in Sources */,
				1EC610641A562FE800AC3BBA /* AppDelegate.m in Sources */,
				1EC610611A562FE800AC3BBA /* main.m in Sources */,
				1EC6108C1A5652DD00AC3BBA /* STTableViewIndex.m in Sources */,
				1EC610931A56540B00AC3BBA /* STGrape.m in Sources */,
			);
			runOnlyForDeploymentPostprocessing = 0;
		};
		1EC610701A562FE800AC3BBA /* Sources */ = {
			isa = PBXSourcesBuildPhase;
			buildActionMask = 2147483647;
			files = (
				1EC6107B1A562FE800AC3BBA /* STTableViewJapaneseIndexSampleTests.m in Sources */,
			);
			runOnlyForDeploymentPostprocessing = 0;
		};
/* End PBXSourcesBuildPhase section */

/* Begin PBXTargetDependency section */
		1EC610761A562FE800AC3BBA /* PBXTargetDependency */ = {
			isa = PBXTargetDependency;
			target = 1EC6105A1A562FE700AC3BBA /* STTableViewJapaneseIndexSample */;
			targetProxy = 1EC610751A562FE800AC3BBA /* PBXContainerItemProxy */;
		};
/* End PBXTargetDependency section */

/* Begin PBXVariantGroup section */
		1EC610681A562FE800AC3BBA /* Main.storyboard */ = {
			isa = PBXVariantGroup;
			children = (
				1EC610691A562FE800AC3BBA /* Base */,
			);
			name = Main.storyboard;
			sourceTree = "<group>";
		};
		1EC6106D1A562FE800AC3BBA /* LaunchScreen.xib */ = {
			isa = PBXVariantGroup;
			children = (
				1EC6106E1A562FE800AC3BBA /* Base */,
			);
			name = LaunchScreen.xib;
			sourceTree = "<group>";
		};
/* End PBXVariantGroup section */

/* Begin XCBuildConfiguration section */
		1EC6107C1A562FE800AC3BBA /* Debug */ = {
			isa = XCBuildConfiguration;
			buildSettings = {
				ALWAYS_SEARCH_USER_PATHS = NO;
				CLANG_CXX_LANGUAGE_STANDARD = "gnu++0x";
				CLANG_CXX_LIBRARY = "libc++";
				CLANG_ENABLE_MODULES = YES;
				CLANG_ENABLE_OBJC_ARC = YES;
				CLANG_WARN_BOOL_CONVERSION = YES;
				CLANG_WARN_CONSTANT_CONVERSION = YES;
				CLANG_WARN_DIRECT_OBJC_ISA_USAGE = YES_ERROR;
				CLANG_WARN_EMPTY_BODY = YES;
				CLANG_WARN_ENUM_CONVERSION = YES;
				CLANG_WARN_INT_CONVERSION = YES;
				CLANG_WARN_OBJC_ROOT_CLASS = YES_ERROR;
				CLANG_WARN_UNREACHABLE_CODE = YES;
				CLANG_WARN__DUPLICATE_METHOD_MATCH = YES;
				"CODE_SIGN_IDENTITY[sdk=iphoneos*]" = "iPhone Developer";
				COPY_PHASE_STRIP = NO;
				ENABLE_STRICT_OBJC_MSGSEND = YES;
				GCC_C_LANGUAGE_STANDARD = gnu99;
				GCC_DYNAMIC_NO_PIC = NO;
				GCC_OPTIMIZATION_LEVEL = 0;
				GCC_PREPROCESSOR_DEFINITIONS = (
					"DEBUG=1",
					"$(inherited)",
				);
				GCC_SYMBOLS_PRIVATE_EXTERN = NO;
				GCC_WARN_64_TO_32_BIT_CONVERSION = YES;
				GCC_WARN_ABOUT_RETURN_TYPE = YES_ERROR;
				GCC_WARN_UNDECLARED_SELECTOR = YES;
				GCC_WARN_UNINITIALIZED_AUTOS = YES_AGGRESSIVE;
				GCC_WARN_UNUSED_FUNCTION = YES;
				GCC_WARN_UNUSED_VARIABLE = YES;
				IPHONEOS_DEPLOYMENT_TARGET = 8.1;
				MTL_ENABLE_DEBUG_INFO = YES;
				ONLY_ACTIVE_ARCH = YES;
				SDKROOT = iphoneos;
				TARGETED_DEVICE_FAMILY = "1,2";
			};
			name = Debug;
		};
		1EC6107D1A562FE800AC3BBA /* Release */ = {
			isa = XCBuildConfiguration;
			buildSettings = {
				ALWAYS_SEARCH_USER_PATHS = NO;
				CLANG_CXX_LANGUAGE_STANDARD = "gnu++0x";
				CLANG_CXX_LIBRARY = "libc++";
				CLANG_ENABLE_MODULES = YES;
				CLANG_ENABLE_OBJC_ARC = YES;
				CLANG_WARN_BOOL_CONVERSION = YES;
				CLANG_WARN_CONSTANT_CONVERSION = YES;
				CLANG_WARN_DIRECT_OBJC_ISA_USAGE = YES_ERROR;
				CLANG_WARN_EMPTY_BODY = YES;
				CLANG_WARN_ENUM_CONVERSION = YES;
				CLANG_WARN_INT_CONVERSION = YES;
				CLANG_WARN_OBJC_ROOT_CLASS = YES_ERROR;
				CLANG_WARN_UNREACHABLE_CODE = YES;
				CLANG_WARN__DUPLICATE_METHOD_MATCH = YES;
				"CODE_SIGN_IDENTITY[sdk=iphoneos*]" = "iPhone Developer";
				COPY_PHASE_STRIP = YES;
				ENABLE_NS_ASSERTIONS = NO;
				ENABLE_STRICT_OBJC_MSGSEND = YES;
				GCC_C_LANGUAGE_STANDARD = gnu99;
				GCC_WARN_64_TO_32_BIT_CONVERSION = YES;
				GCC_WARN_ABOUT_RETURN_TYPE = YES_ERROR;
				GCC_WARN_UNDECLARED_SELECTOR = YES;
				GCC_WARN_UNINITIALIZED_AUTOS = YES_AGGRESSIVE;
				GCC_WARN_UNUSED_FUNCTION = YES;
				GCC_WARN_UNUSED_VARIABLE = YES;
				IPHONEOS_DEPLOYMENT_TARGET = 8.1;
				MTL_ENABLE_DEBUG_INFO = NO;
				SDKROOT = iphoneos;
				TARGETED_DEVICE_FAMILY = "1,2";
				VALIDATE_PRODUCT = YES;
			};
			name = Release;
		};
		1EC6107F1A562FE800AC3BBA /* Debug */ = {
			isa = XCBuildConfiguration;
			buildSettings = {
				ASSETCATALOG_COMPILER_APPICON_NAME = AppIcon;
				INFOPLIST_FILE = STTableViewJapaneseIndexSample/Info.plist;
				LD_RUNPATH_SEARCH_PATHS = "$(inherited) @executable_path/Frameworks";
				PRODUCT_NAME = "$(TARGET_NAME)";
			};
			name = Debug;
		};
		1EC610801A562FE800AC3BBA /* Release */ = {
			isa = XCBuildConfiguration;
			buildSettings = {
				ASSETCATALOG_COMPILER_APPICON_NAME = AppIcon;
				INFOPLIST_FILE = STTableViewJapaneseIndexSample/Info.plist;
				LD_RUNPATH_SEARCH_PATHS = "$(inherited) @executable_path/Frameworks";
				PRODUCT_NAME = "$(TARGET_NAME)";
			};
			name = Release;
		};
		1EC610821A562FE800AC3BBA /* Debug */ = {
			isa = XCBuildConfiguration;
			buildSettings = {
				BUNDLE_LOADER = "$(TEST_HOST)";
				FRAMEWORK_SEARCH_PATHS = (
					"$(SDKROOT)/Developer/Library/Frameworks",
					"$(inherited)",
				);
				GCC_PREPROCESSOR_DEFINITIONS = (
					"DEBUG=1",
					"$(inherited)",
				);
				INFOPLIST_FILE = STTableViewJapaneseIndexSampleTests/Info.plist;
				LD_RUNPATH_SEARCH_PATHS = "$(inherited) @executable_path/Frameworks @loader_path/Frameworks";
				PRODUCT_NAME = "$(TARGET_NAME)";
				TEST_HOST = "$(BUILT_PRODUCTS_DIR)/STTableViewJapaneseIndexSample.app/STTableViewJapaneseIndexSample";
			};
			name = Debug;
		};
		1EC610831A562FE800AC3BBA /* Release */ = {
			isa = XCBuildConfiguration;
			buildSettings = {
				BUNDLE_LOADER = "$(TEST_HOST)";
				FRAMEWORK_SEARCH_PATHS = (
					"$(SDKROOT)/Developer/Library/Frameworks",
					"$(inherited)",
				);
				INFOPLIST_FILE = STTableViewJapaneseIndexSampleTests/Info.plist;
				LD_RUNPATH_SEARCH_PATHS = "$(inherited) @executable_path/Frameworks @loader_path/Frameworks";
				PRODUCT_NAME = "$(TARGET_NAME)";
				TEST_HOST = "$(BUILT_PRODUCTS_DIR)/STTableViewJapaneseIndexSample.app/STTableViewJapaneseIndexSample";
			};
			name = Release;
		};
/* End XCBuildConfiguration section */

/* Begin XCConfigurationList section */
		1EC610561A562FE700AC3BBA /* Build configuration list for PBXProject "STTableViewJapaneseIndexSample" */ = {
			isa = XCConfigurationList;
			buildConfigurations = (
				1EC6107C1A562FE800AC3BBA /* Debug */,
				1EC6107D1A562FE800AC3BBA /* Release */,
			);
			defaultConfigurationIsVisible = 0;
			defaultConfigurationName = Release;
		};
		1EC6107E1A562FE800AC3BBA /* Build configuration list for PBXNativeTarget "STTableViewJapaneseIndexSample" */ = {
			isa = XCConfigurationList;
			buildConfigurations = (
				1EC6107F1A562FE800AC3BBA /* Debug */,
				1EC610801A562FE800AC3BBA /* Release */,
			);
			defaultConfigurationIsVisible = 0;
			defaultConfigurationName = Release;
		};
		1EC610811A562FE800AC3BBA /* Build configuration list for PBXNativeTarget "STTableViewJapaneseIndexSampleTests" */ = {
			isa = XCConfigurationList;
			buildConfigurations = (
				1EC610821A562FE800AC3BBA /* Debug */,
				1EC610831A562FE800AC3BBA /* Release */,
			);
			defaultConfigurationIsVisible = 0;
			defaultConfigurationName = Release;
		};
/* End XCConfigurationList section */
	};
	rootObject = 1EC610531A562FE700AC3BBA /* Project object */;
}
